
Microsoft Visual Studio Solution File, Format Version 12.00
# Visual Studio Version 16
VisualStudioVersion = 16.0.30804.86
MinimumVisualStudioVersion = 10.0.40219.1
Project("{FAE04EC0-301F-11D3-BF4B-00C04F79EFBC}") = "Eatdrink", "Eatdrink.csproj", "{539451C6-17D0-4A83-843C-7707DD6479F5}"
EndProject
Global
	GlobalSection(SolutionConfigurationPlatforms) = preSolution
		Debug|Any CPU = Debug|Any CPU
		Release|Any CPU = Release|Any CPU
	EndGlobalSection
	GlobalSection(ProjectConfigurationPlatforms) = postSolution
		{539451C6-17D0-4A83-843C-7707DD6479F5}.Debug|Any CPU.ActiveCfg = Debug|Any CPU
		{539451C6-17D0-4A83-843C-7707DD6479F5}.Debug|Any CPU.Build.0 = Debug|Any CPU
		{539451C6-17D0-4A83-843C-7707DD6479F5}.Release|Any CPU.ActiveCfg = Release|Any CPU
		{539451C6-17D0-4A83-843C-7707DD6479F5}.Release|Any CPU.Build.0 = Release|Any CPU
	EndGlobalSection
	GlobalSection(SolutionProperties) = preSolution
		HideSolutionNode = FALSE
	EndGlobalSection
	GlobalSection(ExtensibilityGlobals) = postSolution
		SolutionGuid = {69D82888-90EF-4B77-B212-987DD3EDF146}
	EndGlobalSection
EndGlobal
